
Microsoft Visual Studio Solution File, Format Version 12.00
# Visual Studio Version 17
VisualStudioVersion = 17.13.35919.96 d17.13
MinimumVisualStudioVersion = 10.0.40219.1
Project("{FAE04EC0-301F-11D3-BF4B-00C04F79EFBC}") = "HomeChefServer", "HomeChefServer.csproj", "{81EA044F-72D6-43EF-85E3-8809E3E1D101}"
EndProject
Global
	GlobalSection(SolutionConfigurationPlatforms) = preSolution
		Debug|Any CPU = Debug|Any CPU
		Release|Any CPU = Release|Any CPU
	EndGlobalSection
	GlobalSection(ProjectConfigurationPlatforms) = postSolution
		{81EA044F-72D6-43EF-85E3-8809E3E1D101}.Debug|Any CPU.ActiveCfg = Debug|Any CPU
		{81EA044F-72D6-43EF-85E3-8809E3E1D101}.Debug|Any CPU.Build.0 = Debug|Any CPU
		{81EA044F-72D6-43EF-85E3-8809E3E1D101}.Release|Any CPU.ActiveCfg = Release|Any CPU
		{81EA044F-72D6-43EF-85E3-8809E3E1D101}.Release|Any CPU.Build.0 = Release|Any CPU
	EndGlobalSection
	GlobalSection(SolutionProperties) = preSolution
		HideSolutionNode = FALSE
	EndGlobalSection
	GlobalSection(ExtensibilityGlobals) = postSolution
		SolutionGuid = {8B229885-3BC6-4BCF-8FDE-4EDED4D5DC85}
	EndGlobalSection
EndGlobal
